
Microsoft Visual Studio Solution File, Format Version 12.00
# Visual Studio 15
VisualStudioVersion = 15.0.28307.902
MinimumVisualStudioVersion = 10.0.40219.1
Project("{FAE04EC0-301F-11D3-BF4B-00C04F79EFBC}") = "ComPort Tool", "ComPort Tool\ComPort Tool.csproj", "{8DF19390-7719-41F4-A803-F329BD1AEE64}"
EndProject
Global
	GlobalSection(SolutionConfigurationPlatforms) = preSolution
		Debug|Any CPU = Debug|Any CPU
		Release|Any CPU = Release|Any CPU
	EndGlobalSection
	GlobalSection(ProjectConfigurationPlatforms) = postSolution
		{8DF19390-7719-41F4-A803-F329BD1AEE64}.Debug|Any CPU.ActiveCfg = Debug|Any CPU
		{8DF19390-7719-41F4-A803-F329BD1AEE64}.Debug|Any CPU.Build.0 = Debug|Any CPU
		{8DF19390-7719-41F4-A803-F329BD1AEE64}.Release|Any CPU.ActiveCfg = Release|Any CPU
		{8DF19390-7719-41F4-A803-F329BD1AEE64}.Release|Any CPU.Build.0 = Release|Any CPU
	EndGlobalSection
	GlobalSection(SolutionProperties) = preSolution
		HideSolutionNode = FALSE
	EndGlobalSection
	GlobalSection(ExtensibilityGlobals) = postSolution
		SolutionGuid = {4D588D50-E2E4-4710-89BA-0BBD69E371EE}
	EndGlobalSection
EndGlobal
